// !$*UTF8*$!
{
	archiveVersion = 1;
	classes = {
	};
	objectVersion = 50;
	objects = {

/* Begin PBXBuildFile section */
		2EED318DFA14779550E79B26 /* Pods_NiclasJeppsson_SearchApp_ClaroTest.framework in Frameworks */ = {isa = PBXBuildFile; fileRef = 7C8EEBB0DB3EE21700A6FC11 /* Pods_NiclasJeppsson_SearchApp_ClaroTest.framework */; };
		9260D411264FD94D00A3494C /* Section.swift in Sources */ = {isa = PBXBuildFile; fileRef = 9260D410264FD94D00A3494C /* Section.swift */; };
		92F1DC6E264E889800C1BEB5 /* AppDelegate.swift in Sources */ = {isa = PBXBuildFile; fileRef = 92F1DC6D264E889800C1BEB5 /* AppDelegate.swift */; };
		92F1DC70264E889800C1BEB5 /* SceneDelegate.swift in Sources */ = {isa = PBXBuildFile; fileRef = 92F1DC6F264E889800C1BEB5 /* SceneDelegate.swift */; };
		92F1DC72264E889800C1BEB5 /* ViewController.swift in Sources */ = {isa = PBXBuildFile; fileRef = 92F1DC71264E889800C1BEB5 /* ViewController.swift */; };
		92F1DC75264E889800C1BEB5 /* Main.storyboard in Resources */ = {isa = PBXBuildFile; fileRef = 92F1DC73264E889800C1BEB5 /* Main.storyboard */; };
		92F1DC77264E889B00C1BEB5 /* Assets.xcassets in Resources */ = {isa = PBXBuildFile; fileRef = 92F1DC76264E889B00C1BEB5 /* Assets.xcassets */; };
		92F1DC7A264E889B00C1BEB5 /* LaunchScreen.storyboard in Resources */ = {isa = PBXBuildFile; fileRef = 92F1DC78264E889B00C1BEB5 /* LaunchScreen.storyboard */; };
		92F1DC89264E8A3900C1BEB5 /* ArtistInformationImpl.swift in Sources */ = {isa = PBXBuildFile; fileRef = 92F1DC88264E8A3900C1BEB5 /* ArtistInformationImpl.swift */; };
		92F1DC8B264E8A7100C1BEB5 /* ArtistInformation.swift in Sources */ = {isa = PBXBuildFile; fileRef = 92F1DC8A264E8A7100C1BEB5 /* ArtistInformation.swift */; };
		92F1DC8D264E8B3300C1BEB5 /* ArtistModel.swift in Sources */ = {isa = PBXBuildFile; fileRef = 92F1DC8C264E8B3300C1BEB5 /* ArtistModel.swift */; };
		92F1DC90264E8DBF00C1BEB5 /* Constants.swift in Sources */ = {isa = PBXBuildFile; fileRef = 92F1DC8F264E8DBF00C1BEB5 /* Constants.swift */; };
		92F1DC92264EAB9600C1BEB5 /* NetworkRequest.swift in Sources */ = {isa = PBXBuildFile; fileRef = 92F1DC91264EAB9600C1BEB5 /* NetworkRequest.swift */; };
		92F1DC94264EABB400C1BEB5 /* APIProtocol.swift in Sources */ = {isa = PBXBuildFile; fileRef = 92F1DC93264EABB400C1BEB5 /* APIProtocol.swift */; };
		92F1DC96264EC07000C1BEB5 /* ArtistAlbums.swift in Sources */ = {isa = PBXBuildFile; fileRef = 92F1DC95264EC07000C1BEB5 /* ArtistAlbums.swift */; };
		92F1DC9A264EDC5000C1BEB5 /* CollectionViewCell.swift in Sources */ = {isa = PBXBuildFile; fileRef = 92F1DC99264EDC5000C1BEB5 /* CollectionViewCell.swift */; };
/* End PBXBuildFile section */

/* Begin PBXFileReference section */
		2573956DEBD63A462711394F /* Pods-NiclasJeppsson_SearchApp_ClaroTest.debug.xcconfig */ = {isa = PBXFileReference; includeInIndex = 1; lastKnownFileType = text.xcconfig; name = "Pods-NiclasJeppsson_SearchApp_ClaroTest.debug.xcconfig"; path = "Target Support Files/Pods-NiclasJeppsson_SearchApp_ClaroTest/Pods-NiclasJeppsson_SearchApp_ClaroTest.debug.xcconfig"; sourceTree = "<group>"; };
		4C8EF20C5428B314E8E43DD9 /* Pods-NiclasJeppsson_SearchApp_ClaroTest.release.xcconfig */ = {isa = PBXFileReference; includeInIndex = 1; lastKnownFileType = text.xcconfig; name = "Pods-NiclasJeppsson_SearchApp_ClaroTest.release.xcconfig"; path = "Target Support Files/Pods-NiclasJeppsson_SearchApp_ClaroTest/Pods-NiclasJeppsson_SearchApp_ClaroTest.release.xcconfig"; sourceTree = "<group>"; };
		7C8EEBB0DB3EE21700A6FC11 /* Pods_NiclasJeppsson_SearchApp_ClaroTest.framework */ = {isa = PBXFileReference; explicitFileType = wrapper.framework; includeInIndex = 0; path = Pods_NiclasJeppsson_SearchApp_ClaroTest.framework; sourceTree = BUILT_PRODUCTS_DIR; };
		9260D410264FD94D00A3494C /* Section.swift */ = {isa = PBXFileReference; lastKnownFileType = sourcecode.swift; path = Section.swift; sourceTree = "<group>"; };
		92F1DC6A264E889800C1BEB5 /* NiclasJeppsson_SearchApp_ClaroTest.app */ = {isa = PBXFileReference; explicitFileType = wrapper.application; includeInIndex = 0; path = NiclasJeppsson_SearchApp_ClaroTest.app; sourceTree = BUILT_PRODUCTS_DIR; };
		92F1DC6D264E889800C1BEB5 /* AppDelegate.swift */ = {isa = PBXFileReference; lastKnownFileType = sourcecode.swift; path = AppDelegate.swift; sourceTree = "<group>"; };
		92F1DC6F264E889800C1BEB5 /* SceneDelegate.swift */ = {isa = PBXFileReference; lastKnownFileType = sourcecode.swift; path = SceneDelegate.swift; sourceTree = "<group>"; };
		92F1DC71264E889800C1BEB5 /* ViewController.swift */ = {isa = PBXFileReference; lastKnownFileType = sourcecode.swift; path = ViewController.swift; sourceTree = "<group>"; };
		92F1DC74264E889800C1BEB5 /* Base */ = {isa = PBXFileReference; lastKnownFileType = file.storyboard; name = Base; path = Base.lproj/Main.storyboard; sourceTree = "<group>"; };
		92F1DC76264E889B00C1BEB5 /* Assets.xcassets */ = {isa = PBXFileReference; lastKnownFileType = folder.assetcatalog; path = Assets.xcassets; sourceTree = "<group>"; };
		92F1DC79264E889B00C1BEB5 /* Base */ = {isa = PBXFileReference; lastKnownFileType = file.storyboard; name = Base; path = Base.lproj/LaunchScreen.storyboard; sourceTree = "<group>"; };
		92F1DC7B264E889B00C1BEB5 /* Info.plist */ = {isa = PBXFileReference; lastKnownFileType = text.plist.xml; path = Info.plist; sourceTree = "<group>"; };
		92F1DC88264E8A3900C1BEB5 /* ArtistInformationImpl.swift */ = {isa = PBXFileReference; lastKnownFileType = sourcecode.swift; path = ArtistInformationImpl.swift; sourceTree = "<group>"; };
		92F1DC8A264E8A7100C1BEB5 /* ArtistInformation.swift */ = {isa = PBXFileReference; lastKnownFileType = sourcecode.swift; path = ArtistInformation.swift; sourceTree = "<group>"; };
		92F1DC8C264E8B3300C1BEB5 /* ArtistModel.swift */ = {isa = PBXFileReference; lastKnownFileType = sourcecode.swift; path = ArtistModel.swift; sourceTree = "<group>"; };
		92F1DC8F264E8DBF00C1BEB5 /* Constants.swift */ = {isa = PBXFileReference; lastKnownFileType = sourcecode.swift; path = Constants.swift; sourceTree = "<group>"; };
		92F1DC91264EAB9600C1BEB5 /* NetworkRequest.swift */ = {isa = PBXFileReference; lastKnownFileType = sourcecode.swift; path = NetworkRequest.swift; sourceTree = "<group>"; };
		92F1DC93264EABB400C1BEB5 /* APIProtocol.swift */ = {isa = PBXFileReference; lastKnownFileType = sourcecode.swift; path = APIProtocol.swift; sourceTree = "<group>"; };
		92F1DC95264EC07000C1BEB5 /* ArtistAlbums.swift */ = {isa = PBXFileReference; lastKnownFileType = sourcecode.swift; path = ArtistAlbums.swift; sourceTree = "<group>"; };
		92F1DC99264EDC5000C1BEB5 /* CollectionViewCell.swift */ = {isa = PBXFileReference; lastKnownFileType = sourcecode.swift; path = CollectionViewCell.swift; sourceTree = "<group>"; };
/* End PBXFileReference section */

/* Begin PBXFrameworksBuildPhase section */
		92F1DC67264E889800C1BEB5 /* Frameworks */ = {
			isa = PBXFrameworksBuildPhase;
			buildActionMask = 2147483647;
			files = (
				2EED318DFA14779550E79B26 /* Pods_NiclasJeppsson_SearchApp_ClaroTest.framework in Frameworks */,
			);
			runOnlyForDeploymentPostprocessing = 0;
		};
/* End PBXFrameworksBuildPhase section */

/* Begin PBXGroup section */
		7FFCE962A985DADB2C74C119 /* Frameworks */ = {
			isa = PBXGroup;
			children = (
				7C8EEBB0DB3EE21700A6FC11 /* Pods_NiclasJeppsson_SearchApp_ClaroTest.framework */,
			);
			name = Frameworks;
			sourceTree = "<group>";
		};
		92F1DC61264E889800C1BEB5 = {
			isa = PBXGroup;
			children = (
				92F1DC6C264E889800C1BEB5 /* NiclasJeppsson_SearchApp_ClaroTest */,
				92F1DC6B264E889800C1BEB5 /* Products */,
				BC4933837AA3104AFB87B0CF /* Pods */,
				7FFCE962A985DADB2C74C119 /* Frameworks */,
			);
			sourceTree = "<group>";
		};
		92F1DC6B264E889800C1BEB5 /* Products */ = {
			isa = PBXGroup;
			children = (
				92F1DC6A264E889800C1BEB5 /* NiclasJeppsson_SearchApp_ClaroTest.app */,
			);
			name = Products;
			sourceTree = "<group>";
		};
		92F1DC6C264E889800C1BEB5 /* NiclasJeppsson_SearchApp_ClaroTest */ = {
			isa = PBXGroup;
			children = (
				92F1DC6D264E889800C1BEB5 /* AppDelegate.swift */,
				92F1DC6F264E889800C1BEB5 /* SceneDelegate.swift */,
				92F1DC85264E891A00C1BEB5 /* Protocol */,
				92F1DC82264E88BB00C1BEB5 /* Model */,
				92F1DC81264E88B400C1BEB5 /* ViewModel */,
				92F1DC83264E88C700C1BEB5 /* View */,
				92F1DC8E264E8DB100C1BEB5 /* Constants */,
				92F1DC76264E889B00C1BEB5 /* Assets.xcassets */,
				92F1DC78264E889B00C1BEB5 /* LaunchScreen.storyboard */,
				92F1DC7B264E889B00C1BEB5 /* Info.plist */,
			);
			path = NiclasJeppsson_SearchApp_ClaroTest;
			sourceTree = "<group>";
		};
		92F1DC81264E88B400C1BEB5 /* ViewModel */ = {
			isa = PBXGroup;
			children = (
				92F1DC88264E8A3900C1BEB5 /* ArtistInformationImpl.swift */,
				92F1DC91264EAB9600C1BEB5 /* NetworkRequest.swift */,
			);
			path = ViewModel;
			sourceTree = "<group>";
		};
		92F1DC82264E88BB00C1BEB5 /* Model */ = {
			isa = PBXGroup;
			children = (
				92F1DC8C264E8B3300C1BEB5 /* ArtistModel.swift */,
				92F1DC95264EC07000C1BEB5 /* ArtistAlbums.swift */,
				9260D410264FD94D00A3494C /* Section.swift */,
			);
			path = Model;
			sourceTree = "<group>";
		};
		92F1DC83264E88C700C1BEB5 /* View */ = {
			isa = PBXGroup;
			children = (
				92F1DC73264E889800C1BEB5 /* Main.storyboard */,
				92F1DC71264E889800C1BEB5 /* ViewController.swift */,
				92F1DC99264EDC5000C1BEB5 /* CollectionViewCell.swift */,
			);
			path = View;
			sourceTree = "<group>";
		};
		92F1DC85264E891A00C1BEB5 /* Protocol */ = {
			isa = PBXGroup;
			children = (
				92F1DC8A264E8A7100C1BEB5 /* ArtistInformation.swift */,
				92F1DC93264EABB400C1BEB5 /* APIProtocol.swift */,
			);
			path = Protocol;
			sourceTree = "<group>";
		};
		92F1DC8E264E8DB100C1BEB5 /* Constants */ = {
			isa = PBXGroup;
			children = (
				92F1DC8F264E8DBF00C1BEB5 /* Constants.swift */,
			);
			path = Constants;
			sourceTree = "<group>";
		};
		BC4933837AA3104AFB87B0CF /* Pods */ = {
			isa = PBXGroup;
			children = (
				2573956DEBD63A462711394F /* Pods-NiclasJeppsson_SearchApp_ClaroTest.debug.xcconfig */,
				4C8EF20C5428B314E8E43DD9 /* Pods-NiclasJeppsson_SearchApp_ClaroTest.release.xcconfig */,
			);
			name = Pods;
			path = Pods;
			sourceTree = "<group>";
		};
/* End PBXGroup section */

/* Begin PBXNativeTarget section */
		92F1DC69264E889800C1BEB5 /* NiclasJeppsson_SearchApp_ClaroTest */ = {
			isa = PBXNativeTarget;
			buildConfigurationList = 92F1DC7E264E889B00C1BEB5 /* Build configuration list for PBXNativeTarget "NiclasJeppsson_SearchApp_ClaroTest" */;
			buildPhases = (
				E6E0AD83C5A3FFFE5C859F72 /* [CP] Check Pods Manifest.lock */,
				92F1DC66264E889800C1BEB5 /* Sources */,
				92F1DC67264E889800C1BEB5 /* Frameworks */,
				92F1DC68264E889800C1BEB5 /* Resources */,
				ADCFD68F83802F08D9858F97 /* [CP] Embed Pods Frameworks */,
			);
			buildRules = (
			);
			dependencies = (
			);
			name = NiclasJeppsson_SearchApp_ClaroTest;
			productName = NiclasJeppsson_SearchApp_ClaroTest;
			productReference = 92F1DC6A264E889800C1BEB5 /* NiclasJeppsson_SearchApp_ClaroTest.app */;
			productType = "com.apple.product-type.application";
		};
/* End PBXNativeTarget section */

/* Begin PBXProject section */
		92F1DC62264E889800C1BEB5 /* Project object */ = {
			isa = PBXProject;
			attributes = {
				LastSwiftUpdateCheck = 1250;
				LastUpgradeCheck = 1250;
				TargetAttributes = {
					92F1DC69264E889800C1BEB5 = {
						CreatedOnToolsVersion = 12.5;
					};
				};
			};
			buildConfigurationList = 92F1DC65264E889800C1BEB5 /* Build configuration list for PBXProject "NiclasJeppsson_SearchApp_ClaroTest" */;
			compatibilityVersion = "Xcode 9.3";
			developmentRegion = en;
			hasScannedForEncodings = 0;
			knownRegions = (
				en,
				Base,
			);
			mainGroup = 92F1DC61264E889800C1BEB5;
			productRefGroup = 92F1DC6B264E889800C1BEB5 /* Products */;
			projectDirPath = "";
			projectRoot = "";
			targets = (
				92F1DC69264E889800C1BEB5 /* NiclasJeppsson_SearchApp_ClaroTest */,
			);
		};
/* End PBXProject section */

/* Begin PBXResourcesBuildPhase section */
		92F1DC68264E889800C1BEB5 /* Resources */ = {
			isa = PBXResourcesBuildPhase;
			buildActionMask = 2147483647;
			files = (
				92F1DC7A264E889B00C1BEB5 /* LaunchScreen.storyboard in Resources */,
				92F1DC77264E889B00C1BEB5 /* Assets.xcassets in Resources */,
				92F1DC75264E889800C1BEB5 /* Main.storyboard in Resources */,
			);
			runOnlyForDeploymentPostprocessing = 0;
		};
/* End PBXResourcesBuildPhase section */

/* Begin PBXShellScriptBuildPhase section */
		ADCFD68F83802F08D9858F97 /* [CP] Embed Pods Frameworks */ = {
			isa = PBXShellScriptBuildPhase;
			buildActionMask = 2147483647;
			files = (
			);
			inputFileListPaths = (
				"${PODS_ROOT}/Target Support Files/Pods-NiclasJeppsson_SearchApp_ClaroTest/Pods-NiclasJeppsson_SearchApp_ClaroTest-frameworks-${CONFIGURATION}-input-files.xcfilelist",
			);
			name = "[CP] Embed Pods Frameworks";
			outputFileListPaths = (
				"${PODS_ROOT}/Target Support Files/Pods-NiclasJeppsson_SearchApp_ClaroTest/Pods-NiclasJeppsson_SearchApp_ClaroTest-frameworks-${CONFIGURATION}-output-files.xcfilelist",
			);
			runOnlyForDeploymentPostprocessing = 0;
			shellPath = /bin/sh;
			shellScript = "\"${PODS_ROOT}/Target Support Files/Pods-NiclasJeppsson_SearchApp_ClaroTest/Pods-NiclasJeppsson_SearchApp_ClaroTest-frameworks.sh\"\n";
			showEnvVarsInLog = 0;
		};
		E6E0AD83C5A3FFFE5C859F72 /* [CP] Check Pods Manifest.lock */ = {
			isa = PBXShellScriptBuildPhase;
			buildActionMask = 2147483647;
			files = (
			);
			inputFileListPaths = (
			);
			inputPaths = (
				"${PODS_PODFILE_DIR_PATH}/Podfile.lock",
				"${PODS_ROOT}/Manifest.lock",
			);
			name = "[CP] Check Pods Manifest.lock";
			outputFileListPaths = (
			);
			outputPaths = (
				"$(DERIVED_FILE_DIR)/Pods-NiclasJeppsson_SearchApp_ClaroTest-checkManifestLockResult.txt",
			);
			runOnlyForDeploymentPostprocessing = 0;
			shellPath = /bin/sh;
			shellScript = "diff \"${PODS_PODFILE_DIR_PATH}/Podfile.lock\" \"${PODS_ROOT}/Manifest.lock\" > /dev/null\nif [ $? != 0 ] ; then\n    # print error to STDERR\n    echo \"error: The sandbox is not in sync with the Podfile.lock. Run 'pod install' or update your CocoaPods installation.\" >&2\n    exit 1\nfi\n# This output is used by Xcode 'outputs' to avoid re-running this script phase.\necho \"SUCCESS\" > \"${SCRIPT_OUTPUT_FILE_0}\"\n";
			showEnvVarsInLog = 0;
		};
/* End PBXShellScriptBuildPhase section */

/* Begin PBXSourcesBuildPhase section */
		92F1DC66264E889800C1BEB5 /* Sources */ = {
			isa = PBXSourcesBuildPhase;
			buildActionMask = 2147483647;
			files = (
				92F1DC96264EC07000C1BEB5 /* ArtistAlbums.swift in Sources */,
				92F1DC72264E889800C1BEB5 /* ViewController.swift in Sources */,
				92F1DC6E264E889800C1BEB5 /* AppDelegate.swift in Sources */,
				92F1DC92264EAB9600C1BEB5 /* NetworkRequest.swift in Sources */,
				92F1DC8D264E8B3300C1BEB5 /* ArtistModel.swift in Sources */,
				92F1DC94264EABB400C1BEB5 /* APIProtocol.swift in Sources */,
				92F1DC89264E8A3900C1BEB5 /* ArtistInformationImpl.swift in Sources */,
				92F1DC8B264E8A7100C1BEB5 /* ArtistInformation.swift in Sources */,
				92F1DC70264E889800C1BEB5 /* SceneDelegate.swift in Sources */,
				9260D411264FD94D00A3494C /* Section.swift in Sources */,
				92F1DC90264E8DBF00C1BEB5 /* Constants.swift in Sources */,
				92F1DC9A264EDC5000C1BEB5 /* CollectionViewCell.swift in Sources */,
			);
			runOnlyForDeploymentPostprocessing = 0;
		};
/* End PBXSourcesBuildPhase section */

/* Begin PBXVariantGroup section */
		92F1DC73264E889800C1BEB5 /* Main.storyboard */ = {
			isa = PBXVariantGroup;
			children = (
				92F1DC74264E889800C1BEB5 /* Base */,
			);
			name = Main.storyboard;
			sourceTree = "<group>";
		};
		92F1DC78264E889B00C1BEB5 /* LaunchScreen.storyboard */ = {
			isa = PBXVariantGroup;
			children = (
				92F1DC79264E889B00C1BEB5 /* Base */,
			);
			name = LaunchScreen.storyboard;
			sourceTree = "<group>";
		};
/* End PBXVariantGroup section */

/* Begin XCBuildConfiguration section */
		92F1DC7C264E889B00C1BEB5 /* Debug */ = {
			isa = XCBuildConfiguration;
			buildSettings = {
				ALWAYS_SEARCH_USER_PATHS = NO;
				CLANG_ANALYZER_NONNULL = YES;
				CLANG_ANALYZER_NUMBER_OBJECT_CONVERSION = YES_AGGRESSIVE;
				CLANG_CXX_LANGUAGE_STANDARD = "gnu++14";
				CLANG_CXX_LIBRARY = "libc++";
				CLANG_ENABLE_MODULES = YES;
				CLANG_ENABLE_OBJC_ARC = YES;
				CLANG_ENABLE_OBJC_WEAK = YES;
				CLANG_WARN_BLOCK_CAPTURE_AUTORELEASING = YES;
				CLANG_WARN_BOOL_CONVERSION = YES;
				CLANG_WARN_COMMA = YES;
				CLANG_WARN_CONSTANT_CONVERSION = YES;
				CLANG_WARN_DEPRECATED_OBJC_IMPLEMENTATIONS = YES;
				CLANG_WARN_DIRECT_OBJC_ISA_USAGE = YES_ERROR;
				CLANG_WARN_DOCUMENTATION_COMMENTS = YES;
				CLANG_WARN_EMPTY_BODY = YES;
				CLANG_WARN_ENUM_CONVERSION = YES;
				CLANG_WARN_INFINITE_RECURSION = YES;
				CLANG_WARN_INT_CONVERSION = YES;
				CLANG_WARN_NON_LITERAL_NULL_CONVERSION = YES;
				CLANG_WARN_OBJC_IMPLICIT_RETAIN_SELF = YES;
				CLANG_WARN_OBJC_LITERAL_CONVERSION = YES;
				CLANG_WARN_OBJC_ROOT_CLASS = YES_ERROR;
				CLANG_WARN_QUOTED_INCLUDE_IN_FRAMEWORK_HEADER = YES;
				CLANG_WARN_RANGE_LOOP_ANALYSIS = YES;
				CLANG_WARN_STRICT_PROTOTYPES = YES;
				CLANG_WARN_SUSPICIOUS_MOVE = YES;
				CLANG_WARN_UNGUARDED_AVAILABILITY = YES_AGGRESSIVE;
				CLANG_WARN_UNREACHABLE_CODE = YES;
				CLANG_WARN__DUPLICATE_METHOD_MATCH = YES;
				COPY_PHASE_STRIP = NO;
				DEBUG_INFORMATION_FORMAT = dwarf;
				ENABLE_STRICT_OBJC_MSGSEND = YES;
				ENABLE_TESTABILITY = YES;
				GCC_C_LANGUAGE_STANDARD = gnu11;
				GCC_DYNAMIC_NO_PIC = NO;
				GCC_NO_COMMON_BLOCKS = YES;
				GCC_OPTIMIZATION_LEVEL = 0;
				GCC_PREPROCESSOR_DEFINITIONS = (
					"DEBUG=1",
					"$(inherited)",
				);
				GCC_WARN_64_TO_32_BIT_CONVERSION = YES;
				GCC_WARN_ABOUT_RETURN_TYPE = YES_ERROR;
				GCC_WARN_UNDECLARED_SELECTOR = YES;
				GCC_WARN_UNINITIALIZED_AUTOS = YES_AGGRESSIVE;
				GCC_WARN_UNUSED_FUNCTION = YES;
				GCC_WARN_UNUSED_VARIABLE = YES;
				IPHONEOS_DEPLOYMENT_TARGET = 14.5;
				MTL_ENABLE_DEBUG_INFO = INCLUDE_SOURCE;
				MTL_FAST_MATH = YES;
				ONLY_ACTIVE_ARCH = YES;
				SDKROOT = iphoneos;
				SWIFT_ACTIVE_COMPILATION_CONDITIONS = DEBUG;
				SWIFT_OPTIMIZATION_LEVEL = "-Onone";
			};
			name = Debug;
		};
		92F1DC7D264E889B00C1BEB5 /* Release */ = {
			isa = XCBuildConfiguration;
			buildSettings = {
				ALWAYS_SEARCH_USER_PATHS = NO;
				CLANG_ANALYZER_NONNULL = YES;
				CLANG_ANALYZER_NUMBER_OBJECT_CONVERSION = YES_AGGRESSIVE;
				CLANG_CXX_LANGUAGE_STANDARD = "gnu++14";
				CLANG_CXX_LIBRARY = "libc++";
				CLANG_ENABLE_MODULES = YES;
				CLANG_ENABLE_OBJC_ARC = YES;
				CLANG_ENABLE_OBJC_WEAK = YES;
				CLANG_WARN_BLOCK_CAPTURE_AUTORELEASING = YES;
				CLANG_WARN_BOOL_CONVERSION = YES;
				CLANG_WARN_COMMA = YES;
				CLANG_WARN_CONSTANT_CONVERSION = YES;
				CLANG_WARN_DEPRECATED_OBJC_IMPLEMENTATIONS = YES;
				CLANG_WARN_DIRECT_OBJC_ISA_USAGE = YES_ERROR;
				CLANG_WARN_DOCUMENTATION_COMMENTS = YES;
				CLANG_WARN_EMPTY_BODY = YES;
				CLANG_WARN_ENUM_CONVERSION = YES;
				CLANG_WARN_INFINITE_RECURSION = YES;
				CLANG_WARN_INT_CONVERSION = YES;
				CLANG_WARN_NON_LITERAL_NULL_CONVERSION = YES;
				CLANG_WARN_OBJC_IMPLICIT_RETAIN_SELF = YES;
				CLANG_WARN_OBJC_LITERAL_CONVERSION = YES;
				CLANG_WARN_OBJC_ROOT_CLASS = YES_ERROR;
				CLANG_WARN_QUOTED_INCLUDE_IN_FRAMEWORK_HEADER = YES;
				CLANG_WARN_RANGE_LOOP_ANALYSIS = YES;
				CLANG_WARN_STRICT_PROTOTYPES = YES;
				CLANG_WARN_SUSPICIOUS_MOVE = YES;
				CLANG_WARN_UNGUARDED_AVAILABILITY = YES_AGGRESSIVE;
				CLANG_WARN_UNREACHABLE_CODE = YES;
				CLANG_WARN__DUPLICATE_METHOD_MATCH = YES;
				COPY_PHASE_STRIP = NO;
				DEBUG_INFORMATION_FORMAT = "dwarf-with-dsym";
				ENABLE_NS_ASSERTIONS = NO;
				ENABLE_STRICT_OBJC_MSGSEND = YES;
				GCC_C_LANGUAGE_STANDARD = gnu11;
				GCC_NO_COMMON_BLOCKS = YES;
				GCC_WARN_64_TO_32_BIT_CONVERSION = YES;
				GCC_WARN_ABOUT_RETURN_TYPE = YES_ERROR;
				GCC_WARN_UNDECLARED_SELECTOR = YES;
				GCC_WARN_UNINITIALIZED_AUTOS = YES_AGGRESSIVE;
				GCC_WARN_UNUSED_FUNCTION = YES;
				GCC_WARN_UNUSED_VARIABLE = YES;
				IPHONEOS_DEPLOYMENT_TARGET = 14.5;
				MTL_ENABLE_DEBUG_INFO = NO;
				MTL_FAST_MATH = YES;
				SDKROOT = iphoneos;
				SWIFT_COMPILATION_MODE = wholemodule;
				SWIFT_OPTIMIZATION_LEVEL = "-O";
				VALIDATE_PRODUCT = YES;
			};
			name = Release;
		};
		92F1DC7F264E889B00C1BEB5 /* Debug */ = {
			isa = XCBuildConfiguration;
			baseConfigurationReference = 2573956DEBD63A462711394F /* Pods-NiclasJeppsson_SearchApp_ClaroTest.debug.xcconfig */;
			buildSettings = {
				ASSETCATALOG_COMPILER_APPICON_NAME = AppIcon;
				ASSETCATALOG_COMPILER_GLOBAL_ACCENT_COLOR_NAME = AccentColor;
				CODE_SIGN_STYLE = Automatic;
				DEVELOPMENT_TEAM = M79UR55F3F;
				INFOPLIST_FILE = NiclasJeppsson_SearchApp_ClaroTest/Info.plist;
				LD_RUNPATH_SEARCH_PATHS = (
					"$(inherited)",
					"@executable_path/Frameworks",
				);
				PRODUCT_BUNDLE_IDENTIFIER = "com.niclasjeppsson.NiclasJeppsson-SearchApp-ClaroTest";
				PRODUCT_NAME = "$(TARGET_NAME)";
				SWIFT_VERSION = 5.0;
				TARGETED_DEVICE_FAMILY = 1;
			};
			name = Debug;
		};
		92F1DC80264E889B00C1BEB5 /* Release */ = {
			isa = XCBuildConfiguration;
			baseConfigurationReference = 4C8EF20C5428B314E8E43DD9 /* Pods-NiclasJeppsson_SearchApp_ClaroTest.release.xcconfig */;
			buildSettings = {
				ASSETCATALOG_COMPILER_APPICON_NAME = AppIcon;
				ASSETCATALOG_COMPILER_GLOBAL_ACCENT_COLOR_NAME = AccentColor;
				CODE_SIGN_STYLE = Automatic;
				DEVELOPMENT_TEAM = M79UR55F3F;
				INFOPLIST_FILE = NiclasJeppsson_SearchApp_ClaroTest/Info.plist;
				LD_RUNPATH_SEARCH_PATHS = (
					"$(inherited)",
					"@executable_path/Frameworks",
				);
				PRODUCT_BUNDLE_IDENTIFIER = "com.niclasjeppsson.NiclasJeppsson-SearchApp-ClaroTest";
				PRODUCT_NAME = "$(TARGET_NAME)";
				SWIFT_VERSION = 5.0;
				TARGETED_DEVICE_FAMILY = 1;
			};
			name = Release;
		};
/* End XCBuildConfiguration section */

/* Begin XCConfigurationList section */
		92F1DC65264E889800C1BEB5 /* Build configuration list for PBXProject "NiclasJeppsson_SearchApp_ClaroTest" */ = {
			isa = XCConfigurationList;
			buildConfigurations = (
				92F1DC7C264E889B00C1BEB5 /* Debug */,
				92F1DC7D264E889B00C1BEB5 /* Release */,
			);
			defaultConfigurationIsVisible = 0;
			defaultConfigurationName = Release;
		};
		92F1DC7E264E889B00C1BEB5 /* Build configuration list for PBXNativeTarget "NiclasJeppsson_SearchApp_ClaroTest" */ = {
			isa = XCConfigurationList;
			buildConfigurations = (
				92F1DC7F264E889B00C1BEB5 /* Debug */,
				92F1DC80264E889B00C1BEB5 /* Release */,
			);
			defaultConfigurationIsVisible = 0;
			defaultConfigurationName = Release;
		};
/* End XCConfigurationList section */
	};
	rootObject = 92F1DC62264E889800C1BEB5 /* Project object */;
}
